
Microsoft Visual Studio Solution File, Format Version 12.00
# Visual Studio Version 17
VisualStudioVersion = 17.11.35303.130
MinimumVisualStudioVersion = 10.0.40219.1
Project("{8BC9CEB8-8B4A-11D0-8D11-00A0C91BC942}") = "Sklad-Na-Edro", "Sklad-Na-Edro\Sklad-Na-Edro.vcxproj", "{4A3D0705-C0CD-47E4-BD23-97C11A9D6E4A}"
EndProject
Global
	GlobalSection(SolutionConfigurationPlatforms) = preSolution
		Debug|x64 = Debug|x64
		Debug|x86 = Debug|x86
		Release|x64 = Release|x64
		Release|x86 = Release|x86
	EndGlobalSection
	GlobalSection(ProjectConfigurationPlatforms) = postSolution
		{4A3D0705-C0CD-47E4-BD23-97C11A9D6E4A}.Debug|x64.ActiveCfg = Debug|x64
		{4A3D0705-C0CD-47E4-BD23-97C11A9D6E4A}.Debug|x64.Build.0 = Debug|x64
		{4A3D0705-C0CD-47E4-BD23-97C11A9D6E4A}.Debug|x86.ActiveCfg = Debug|Win32
		{4A3D0705-C0CD-47E4-BD23-97C11A9D6E4A}.Debug|x86.Build.0 = Debug|Win32
		{4A3D0705-C0CD-47E4-BD23-97C11A9D6E4A}.Release|x64.ActiveCfg = Release|x64
		{4A3D0705-C0CD-47E4-BD23-97C11A9D6E4A}.Release|x64.Build.0 = Release|x64
		{4A3D0705-C0CD-47E4-BD23-97C11A9D6E4A}.Release|x86.ActiveCfg = Release|Win32
		{4A3D0705-C0CD-47E4-BD23-97C11A9D6E4A}.Release|x86.Build.0 = Release|Win32
	EndGlobalSection
	GlobalSection(SolutionProperties) = preSolution
		HideSolutionNode = FALSE
	EndGlobalSection
	GlobalSection(ExtensibilityGlobals) = postSolution
		SolutionGuid = {0E0CC90E-0829-4223-827F-96F9CC926889}
	EndGlobalSection
EndGlobal
